
Microsoft Visual Studio Solution File, Format Version 12.00
# Visual Studio Version 16
VisualStudioVersion = 16.0.31702.278
MinimumVisualStudioVersion = 10.0.40219.1
Project("{9A19103F-16F7-4668-BE54-9A1E7A4F7556}") = "Day01", "Day01.csproj", "{59BE96B2-5F53-43DE-ADE6-8070A36F9F2C}"
EndProject
Global
	GlobalSection(SolutionConfigurationPlatforms) = preSolution
		Debug|Any CPU = Debug|Any CPU
		Release|Any CPU = Release|Any CPU
	EndGlobalSection
	GlobalSection(ProjectConfigurationPlatforms) = postSolution
		{59BE96B2-5F53-43DE-ADE6-8070A36F9F2C}.Debug|Any CPU.ActiveCfg = Debug|Any CPU
		{59BE96B2-5F53-43DE-ADE6-8070A36F9F2C}.Debug|Any CPU.Build.0 = Debug|Any CPU
		{59BE96B2-5F53-43DE-ADE6-8070A36F9F2C}.Release|Any CPU.ActiveCfg = Release|Any CPU
		{59BE96B2-5F53-43DE-ADE6-8070A36F9F2C}.Release|Any CPU.Build.0 = Release|Any CPU
	EndGlobalSection
	GlobalSection(SolutionProperties) = preSolution
		HideSolutionNode = FALSE
	EndGlobalSection
	GlobalSection(ExtensibilityGlobals) = postSolution
		SolutionGuid = {DB1A5AA7-0D07-4166-AFC8-4F82EC1F79DB}
	EndGlobalSection
EndGlobal
